// !$*UTF8*$!
{
	archiveVersion = 1;
	classes = {
	};
	objectVersion = 46;
	objects = {

/* Begin PBXBuildFile section */
		3A6FF028E9C22738107F4C89 /* libPods-FreshTests.a in Frameworks */ = {isa = PBXBuildFile; fileRef = 69378BDBD26FF05300C7DF6C /* libPods-FreshTests.a */; };
		690461677871404F988A73D1 /* libPods-Fresh.a in Frameworks */ = {isa = PBXBuildFile; fileRef = 1A491669C3A8779D00B67FDB /* libPods-Fresh.a */; };
		DC03CBF121EF7B7800C4575E /* FreshScheduleModelTests.m in Sources */ = {isa = PBXBuildFile; fileRef = DC03CBF021EF7B7800C4575E /* FreshScheduleModelTests.m */; };
		DC2AA4FA21E5F9E100EA8F1F /* FRSHFileAndDirService.m in Sources */ = {isa = PBXBuildFile; fileRef = DC2AA4F921E5F9E100EA8F1F /* FRSHFileAndDirService.m */; };
		DC2AA4FC21E5FBA300EA8F1F /* FreshFileAndDirServiceTests.m in Sources */ = {isa = PBXBuildFile; fileRef = DC2AA4FB21E5FBA300EA8F1F /* FreshFileAndDirServiceTests.m */; };
		DC2AA50321E6092500EA8F1F /* FRSHApp.m in Sources */ = {isa = PBXBuildFile; fileRef = DC2AA50221E6092500EA8F1F /* FRSHApp.m */; };
		DC2AA50521E6097300EA8F1F /* FreshAppTests.m in Sources */ = {isa = PBXBuildFile; fileRef = DC2AA50421E6097300EA8F1F /* FreshAppTests.m */; };
		DC2AA50A21E60C0400EA8F1F /* FRSHScreen.m in Sources */ = {isa = PBXBuildFile; fileRef = DC2AA50921E60C0400EA8F1F /* FRSHScreen.m */; };
		DC2AA50C21E60E0900EA8F1F /* FreshScreenTests.m in Sources */ = {isa = PBXBuildFile; fileRef = DC2AA50B21E60E0900EA8F1F /* FreshScreenTests.m */; };
		DC2AA51021E6127700EA8F1F /* FRSHUnsplashAPI.m in Sources */ = {isa = PBXBuildFile; fileRef = DC2AA50F21E6127700EA8F1F /* FRSHUnsplashAPI.m */; };
		DC2AA51221E612D700EA8F1F /* FreshUnsplashApiTests.m in Sources */ = {isa = PBXBuildFile; fileRef = DC2AA51121E612D700EA8F1F /* FreshUnsplashApiTests.m */; };
		DC372AB4211318ED00DC2DFC /* GVUserDefaults.m in Sources */ = {isa = PBXBuildFile; fileRef = DC372AB3211318ED00DC2DFC /* GVUserDefaults.m */; };
		DC372AB5211318ED00DC2DFC /* GVUserDefaults.m in Sources */ = {isa = PBXBuildFile; fileRef = DC372AB3211318ED00DC2DFC /* GVUserDefaults.m */; };
		DC372ABC2113191500DC2DFC /* Reachability.m in Sources */ = {isa = PBXBuildFile; fileRef = DC372ABB2113191500DC2DFC /* Reachability.m */; };
		DC372ABD2113191500DC2DFC /* Reachability.m in Sources */ = {isa = PBXBuildFile; fileRef = DC372ABB2113191500DC2DFC /* Reachability.m */; };
		DC372AC22113192900DC2DFC /* Shuttle.m in Sources */ = {isa = PBXBuildFile; fileRef = DC372ABF2113192900DC2DFC /* Shuttle.m */; };
		DC372AC32113192900DC2DFC /* Shuttle.m in Sources */ = {isa = PBXBuildFile; fileRef = DC372ABF2113192900DC2DFC /* Shuttle.m */; };
		DC372AC42113192900DC2DFC /* ShuttleMockRequests.m in Sources */ = {isa = PBXBuildFile; fileRef = DC372AC12113192900DC2DFC /* ShuttleMockRequests.m */; };
		DC372AC52113192900DC2DFC /* ShuttleMockRequests.m in Sources */ = {isa = PBXBuildFile; fileRef = DC372AC12113192900DC2DFC /* ShuttleMockRequests.m */; };
		DC372AC82113193800DC2DFC /* SDMacVersion.m in Sources */ = {isa = PBXBuildFile; fileRef = DC372AC72113193800DC2DFC /* SDMacVersion.m */; };
		DC372AC92113193800DC2DFC /* SDMacVersion.m in Sources */ = {isa = PBXBuildFile; fileRef = DC372AC72113193800DC2DFC /* SDMacVersion.m */; };
		DC4AD8EC21F0D7F3007A1811 /* AboutUsWindow.m in Sources */ = {isa = PBXBuildFile; fileRef = DC4AD8EA21F0D7F3007A1811 /* AboutUsWindow.m */; };
		DC4AD8ED21F0D7F3007A1811 /* AboutUsWindow.xib in Resources */ = {isa = PBXBuildFile; fileRef = DC4AD8EB21F0D7F3007A1811 /* AboutUsWindow.xib */; };
		DC4E239A21E6BA9900DBC0E0 /* FastData.m in Sources */ = {isa = PBXBuildFile; fileRef = DC4E239921E6BA9900DBC0E0 /* FastData.m */; };
		DC4E239D21E6BAAF00DBC0E0 /* GVUserDefaults+FastData.m in Sources */ = {isa = PBXBuildFile; fileRef = DC4E239C21E6BAAF00DBC0E0 /* GVUserDefaults+FastData.m */; };
		DC4E23A321E6BC1100DBC0E0 /* NSDictionary+DeepMutableCopy.m in Sources */ = {isa = PBXBuildFile; fileRef = DC4E23A221E6BC1100DBC0E0 /* NSDictionary+DeepMutableCopy.m */; };
		DC4E23A921E6C00B00DBC0E0 /* FRSHSchedule.m in Sources */ = {isa = PBXBuildFile; fileRef = DC4E23A821E6C00B00DBC0E0 /* FRSHSchedule.m */; };
		DC4E23AD21E6C08700DBC0E0 /* libsqlite3.0.tbd in Frameworks */ = {isa = PBXBuildFile; fileRef = DC4E23AC21E6C08700DBC0E0 /* libsqlite3.0.tbd */; };
		DC4FCEAE21ECE662000A0A20 /* FRSHDatabase.m in Sources */ = {isa = PBXBuildFile; fileRef = DC4FCEAD21ECE662000A0A20 /* FRSHDatabase.m */; };
		DC4FCEB021ECE776000A0A20 /* FreshDatabaseTests.m in Sources */ = {isa = PBXBuildFile; fileRef = DC4FCEAF21ECE776000A0A20 /* FreshDatabaseTests.m */; };
		DC4FCEB221ECEB0E000A0A20 /* Fresh.sqlite in Resources */ = {isa = PBXBuildFile; fileRef = DC4FCEB121ECEB0E000A0A20 /* Fresh.sqlite */; };
		DC4FCEB321ECEB0E000A0A20 /* Fresh.sqlite in Resources */ = {isa = PBXBuildFile; fileRef = DC4FCEB121ECEB0E000A0A20 /* Fresh.sqlite */; };
		DC4FCEB521ECEBA9000A0A20 /* sample_image.png in Resources */ = {isa = PBXBuildFile; fileRef = DC4FCEB421ECEBA9000A0A20 /* sample_image.png */; };
		DC4FCEB621ECEBA9000A0A20 /* sample_image.png in Resources */ = {isa = PBXBuildFile; fileRef = DC4FCEB421ECEBA9000A0A20 /* sample_image.png */; };
		DC65717121F090BA00B883CC /* ClickDetectorView.m in Sources */ = {isa = PBXBuildFile; fileRef = DC65716721F090BA00B883CC /* ClickDetectorView.m */; };
		DC65717221F090BA00B883CC /* MenuBar.m in Sources */ = {isa = PBXBuildFile; fileRef = DC65716B21F090BA00B883CC /* MenuBar.m */; };
		DC65717321F090BA00B883CC /* MenuBarImage.png in Resources */ = {isa = PBXBuildFile; fileRef = DC65716C21F090BA00B883CC /* MenuBarImage.png */; };
		DC65717421F090BA00B883CC /* PopupView.xib in Resources */ = {isa = PBXBuildFile; fileRef = DC65716F21F090BA00B883CC /* PopupView.xib */; };
		DC65717521F090BA00B883CC /* PopupViewController.m in Sources */ = {isa = PBXBuildFile; fileRef = DC65717021F090BA00B883CC /* PopupViewController.m */; };
		DCDE85042113173800B6FE21 /* AppDelegate.m in Sources */ = {isa = PBXBuildFile; fileRef = DCDE85032113173800B6FE21 /* AppDelegate.m */; };
		DCDE85072113173800B6FE21 /* main.m in Sources */ = {isa = PBXBuildFile; fileRef = DCDE85062113173800B6FE21 /* main.m */; };
		DCDE85092113173800B6FE21 /* Assets.xcassets in Resources */ = {isa = PBXBuildFile; fileRef = DCDE85082113173800B6FE21 /* Assets.xcassets */; };
		DCDE850C2113173800B6FE21 /* MainMenu.xib in Resources */ = {isa = PBXBuildFile; fileRef = DCDE850A2113173800B6FE21 /* MainMenu.xib */; };
		DCDE85172113173800B6FE21 /* FreshTests.m in Sources */ = {isa = PBXBuildFile; fileRef = DCDE85162113173800B6FE21 /* FreshTests.m */; };
		DCE9F47F21E7568800B91E24 /* FastDataServiceTests.m in Sources */ = {isa = PBXBuildFile; fileRef = DCE9F47E21E7568800B91E24 /* FastDataServiceTests.m */; };
/* End PBXBuildFile section */

/* Begin PBXContainerItemProxy section */
		DCDE85132113173800B6FE21 /* PBXContainerItemProxy */ = {
			isa = PBXContainerItemProxy;
			containerPortal = DCDE84F72113173800B6FE21 /* Project object */;
			proxyType = 1;
			remoteGlobalIDString = DCDE84FE2113173800B6FE21;
			remoteInfo = Fresh;
		};
/* End PBXContainerItemProxy section */

/* Begin PBXFileReference section */
		1A491669C3A8779D00B67FDB /* libPods-Fresh.a */ = {isa = PBXFileReference; explicitFileType = archive.ar; includeInIndex = 0; path = "libPods-Fresh.a"; sourceTree = BUILT_PRODUCTS_DIR; };
		1D78CA019747BFF0371DC7F0 /* Pods-FreshTests.release.xcconfig */ = {isa = PBXFileReference; includeInIndex = 1; lastKnownFileType = text.xcconfig; name = "Pods-FreshTests.release.xcconfig"; path = "Pods/Target Support Files/Pods-FreshTests/Pods-FreshTests.release.xcconfig"; sourceTree = "<group>"; };
		2A8F6E4F1333577B5DFA0F43 /* Pods-Fresh.debug.xcconfig */ = {isa = PBXFileReference; includeInIndex = 1; lastKnownFileType = text.xcconfig; name = "Pods-Fresh.debug.xcconfig"; path = "Pods/Target Support Files/Pods-Fresh/Pods-Fresh.debug.xcconfig"; sourceTree = "<group>"; };
		69378BDBD26FF05300C7DF6C /* libPods-FreshTests.a */ = {isa = PBXFileReference; explicitFileType = archive.ar; includeInIndex = 0; path = "libPods-FreshTests.a"; sourceTree = BUILT_PRODUCTS_DIR; };
		6DDC295875586F3266618503 /* Pods-Fresh.release.xcconfig */ = {isa = PBXFileReference; includeInIndex = 1; lastKnownFileType = text.xcconfig; name = "Pods-Fresh.release.xcconfig"; path = "Pods/Target Support Files/Pods-Fresh/Pods-Fresh.release.xcconfig"; sourceTree = "<group>"; };
		BF97B439730FEDA2A08CE093 /* Pods-FreshTests.debug.xcconfig */ = {isa = PBXFileReference; includeInIndex = 1; lastKnownFileType = text.xcconfig; name = "Pods-FreshTests.debug.xcconfig"; path = "Pods/Target Support Files/Pods-FreshTests/Pods-FreshTests.debug.xcconfig"; sourceTree = "<group>"; };
		DC03CBF021EF7B7800C4575E /* FreshScheduleModelTests.m */ = {isa = PBXFileReference; fileEncoding = 4; lastKnownFileType = sourcecode.c.objc; path = FreshScheduleModelTests.m; sourceTree = "<group>"; };
		DC2AA4F821E5F9E100EA8F1F /* FRSHFileAndDirService.h */ = {isa = PBXFileReference; fileEncoding = 4; lastKnownFileType = sourcecode.c.h; name = FRSHFileAndDirService.h; path = "Services/File and Dir/FRSHFileAndDirService.h"; sourceTree = "<group>"; };
		DC2AA4F921E5F9E100EA8F1F /* FRSHFileAndDirService.m */ = {isa = PBXFileReference; fileEncoding = 4; lastKnownFileType = sourcecode.c.objc; name = FRSHFileAndDirService.m; path = "Services/File and Dir/FRSHFileAndDirService.m"; sourceTree = "<group>"; };
		DC2AA4FB21E5FBA300EA8F1F /* FreshFileAndDirServiceTests.m */ = {isa = PBXFileReference; fileEncoding = 4; lastKnownFileType = sourcecode.c.objc; path = FreshFileAndDirServiceTests.m; sourceTree = "<group>"; };
		DC2AA50121E6092500EA8F1F /* FRSHApp.h */ = {isa = PBXFileReference; fileEncoding = 4; lastKnownFileType = sourcecode.c.h; path = FRSHApp.h; sourceTree = "<group>"; };
		DC2AA50221E6092500EA8F1F /* FRSHApp.m */ = {isa = PBXFileReference; fileEncoding = 4; lastKnownFileType = sourcecode.c.objc; path = FRSHApp.m; sourceTree = "<group>"; };
		DC2AA50421E6097300EA8F1F /* FreshAppTests.m */ = {isa = PBXFileReference; fileEncoding = 4; lastKnownFileType = sourcecode.c.objc; path = FreshAppTests.m; sourceTree = "<group>"; };
		DC2AA50821E60C0400EA8F1F /* FRSHScreen.h */ = {isa = PBXFileReference; fileEncoding = 4; lastKnownFileType = sourcecode.c.h; name = FRSHScreen.h; path = Models/Screen/FRSHScreen.h; sourceTree = "<group>"; };
		DC2AA50921E60C0400EA8F1F /* FRSHScreen.m */ = {isa = PBXFileReference; fileEncoding = 4; lastKnownFileType = sourcecode.c.objc; name = FRSHScreen.m; path = Models/Screen/FRSHScreen.m; sourceTree = "<group>"; };
		DC2AA50B21E60E0900EA8F1F /* FreshScreenTests.m */ = {isa = PBXFileReference; fileEncoding = 4; lastKnownFileType = sourcecode.c.objc; path = FreshScreenTests.m; sourceTree = "<group>"; };
		DC2AA50E21E6127700EA8F1F /* FRSHUnsplashAPI.h */ = {isa = PBXFileReference; fileEncoding = 4; lastKnownFileType = sourcecode.c.h; name = FRSHUnsplashAPI.h; path = "Services/Unsplash API/FRSHUnsplashAPI.h"; sourceTree = "<group>"; };
		DC2AA50F21E6127700EA8F1F /* FRSHUnsplashAPI.m */ = {isa = PBXFileReference; fileEncoding = 4; lastKnownFileType = sourcecode.c.objc; name = FRSHUnsplashAPI.m; path = "Services/Unsplash API/FRSHUnsplashAPI.m"; sourceTree = "<group>"; };
		DC2AA51121E612D700EA8F1F /* FreshUnsplashApiTests.m */ = {isa = PBXFileReference; fileEncoding = 4; lastKnownFileType = sourcecode.c.objc; path = FreshUnsplashApiTests.m; sourceTree = "<group>"; };
		DC372AB2211318ED00DC2DFC /* GVUserDefaults.h */ = {isa = PBXFileReference; fileEncoding = 4; lastKnownFileType = sourcecode.c.h; name = GVUserDefaults.h; path = Libs/GVUserDefaults/GVUserDefaults.h; sourceTree = "<group>"; };
		DC372AB3211318ED00DC2DFC /* GVUserDefaults.m */ = {isa = PBXFileReference; fileEncoding = 4; lastKnownFileType = sourcecode.c.objc; name = GVUserDefaults.m; path = Libs/GVUserDefaults/GVUserDefaults.m; sourceTree = "<group>"; };
		DC372ABA2113191500DC2DFC /* Reachability.h */ = {isa = PBXFileReference; fileEncoding = 4; lastKnownFileType = sourcecode.c.h; name = Reachability.h; path = Libs/Reachability/Reachability.h; sourceTree = "<group>"; };
		DC372ABB2113191500DC2DFC /* Reachability.m */ = {isa = PBXFileReference; fileEncoding = 4; lastKnownFileType = sourcecode.c.objc; name = Reachability.m; path = Libs/Reachability/Reachability.m; sourceTree = "<group>"; };
		DC372ABE2113192900DC2DFC /* Shuttle.h */ = {isa = PBXFileReference; fileEncoding = 4; lastKnownFileType = sourcecode.c.h; name = Shuttle.h; path = Libs/Shuttle/Shuttle.h; sourceTree = "<group>"; };
		DC372ABF2113192900DC2DFC /* Shuttle.m */ = {isa = PBXFileReference; fileEncoding = 4; lastKnownFileType = sourcecode.c.objc; name = Shuttle.m; path = Libs/Shuttle/Shuttle.m; sourceTree = "<group>"; };
		DC372AC02113192900DC2DFC /* ShuttleMockRequests.h */ = {isa = PBXFileReference; fileEncoding = 4; lastKnownFileType = sourcecode.c.h; name = ShuttleMockRequests.h; path = Libs/Shuttle/ShuttleMockRequests.h; sourceTree = "<group>"; };
		DC372AC12113192900DC2DFC /* ShuttleMockRequests.m */ = {isa = PBXFileReference; fileEncoding = 4; lastKnownFileType = sourcecode.c.objc; name = ShuttleMockRequests.m; path = Libs/Shuttle/ShuttleMockRequests.m; sourceTree = "<group>"; };
		DC372AC62113193800DC2DFC /* SDMacVersion.h */ = {isa = PBXFileReference; fileEncoding = 4; lastKnownFileType = sourcecode.c.h; name = SDMacVersion.h; path = Libs/SDVersion/SDMacVersion.h; sourceTree = "<group>"; };
		DC372AC72113193800DC2DFC /* SDMacVersion.m */ = {isa = PBXFileReference; fileEncoding = 4; lastKnownFileType = sourcecode.c.objc; name = SDMacVersion.m; path = Libs/SDVersion/SDMacVersion.m; sourceTree = "<group>"; };
		DC4AD8E921F0D7F3007A1811 /* AboutUsWindow.h */ = {isa = PBXFileReference; fileEncoding = 4; lastKnownFileType = sourcecode.c.h; name = AboutUsWindow.h; path = "UI/About Us Window/AboutUsWindow.h"; sourceTree = "<group>"; };
		DC4AD8EA21F0D7F3007A1811 /* AboutUsWindow.m */ = {isa = PBXFileReference; fileEncoding = 4; lastKnownFileType = sourcecode.c.objc; name = AboutUsWindow.m; path = "UI/About Us Window/AboutUsWindow.m"; sourceTree = "<group>"; };
		DC4AD8EB21F0D7F3007A1811 /* AboutUsWindow.xib */ = {isa = PBXFileReference; fileEncoding = 4; lastKnownFileType = file.xib; name = AboutUsWindow.xib; path = "UI/About Us Window/AboutUsWindow.xib"; sourceTree = "<group>"; };
		DC4E239821E6BA9900DBC0E0 /* FastData.h */ = {isa = PBXFileReference; fileEncoding = 4; lastKnownFileType = sourcecode.c.h; name = FastData.h; path = "Libs/Fast Data/FastData.h"; sourceTree = "<group>"; };
		DC4E239921E6BA9900DBC0E0 /* FastData.m */ = {isa = PBXFileReference; fileEncoding = 4; lastKnownFileType = sourcecode.c.objc; name = FastData.m; path = "Libs/Fast Data/FastData.m"; sourceTree = "<group>"; };
		DC4E239B21E6BAAF00DBC0E0 /* GVUserDefaults+FastData.h */ = {isa = PBXFileReference; fileEncoding = 4; lastKnownFileType = sourcecode.c.h; name = "GVUserDefaults+FastData.h"; path = "Libs/Fast Data/GVUserDefaults+FastData.h"; sourceTree = "<group>"; };
		DC4E239C21E6BAAF00DBC0E0 /* GVUserDefaults+FastData.m */ = {isa = PBXFileReference; fileEncoding = 4; lastKnownFileType = sourcecode.c.objc; name = "GVUserDefaults+FastData.m"; path = "Libs/Fast Data/GVUserDefaults+FastData.m"; sourceTree = "<group>"; };
		DC4E23A121E6BC1100DBC0E0 /* NSDictionary+DeepMutableCopy.h */ = {isa = PBXFileReference; fileEncoding = 4; lastKnownFileType = sourcecode.c.h; name = "NSDictionary+DeepMutableCopy.h"; path = "Libs/Fast Data/NSDictionary+DeepMutableCopy.h"; sourceTree = "<group>"; };
		DC4E23A221E6BC1100DBC0E0 /* NSDictionary+DeepMutableCopy.m */ = {isa = PBXFileReference; fileEncoding = 4; lastKnownFileType = sourcecode.c.objc; name = "NSDictionary+DeepMutableCopy.m"; path = "Libs/Fast Data/NSDictionary+DeepMutableCopy.m"; sourceTree = "<group>"; };
		DC4E23A721E6C00B00DBC0E0 /* FRSHSchedule.h */ = {isa = PBXFileReference; fileEncoding = 4; lastKnownFileType = sourcecode.c.h; name = FRSHSchedule.h; path = Models/Schedule/FRSHSchedule.h; sourceTree = "<group>"; };
		DC4E23A821E6C00B00DBC0E0 /* FRSHSchedule.m */ = {isa = PBXFileReference; fileEncoding = 4; lastKnownFileType = sourcecode.c.objc; name = FRSHSchedule.m; path = Models/Schedule/FRSHSchedule.m; sourceTree = "<group>"; };
		DC4E23AC21E6C08700DBC0E0 /* libsqlite3.0.tbd */ = {isa = PBXFileReference; lastKnownFileType = "sourcecode.text-based-dylib-definition"; name = libsqlite3.0.tbd; path = usr/lib/libsqlite3.0.tbd; sourceTree = SDKROOT; };
		DC4FCEAC21ECE662000A0A20 /* FRSHDatabase.h */ = {isa = PBXFileReference; fileEncoding = 4; lastKnownFileType = sourcecode.c.h; name = FRSHDatabase.h; path = Services/Database/FRSHDatabase.h; sourceTree = "<group>"; };
		DC4FCEAD21ECE662000A0A20 /* FRSHDatabase.m */ = {isa = PBXFileReference; fileEncoding = 4; lastKnownFileType = sourcecode.c.objc; name = FRSHDatabase.m; path = Services/Database/FRSHDatabase.m; sourceTree = "<group>"; };
		DC4FCEAF21ECE776000A0A20 /* FreshDatabaseTests.m */ = {isa = PBXFileReference; fileEncoding = 4; lastKnownFileType = sourcecode.c.objc; path = FreshDatabaseTests.m; sourceTree = "<group>"; };
		DC4FCEB121ECEB0E000A0A20 /* Fresh.sqlite */ = {isa = PBXFileReference; lastKnownFileType = file; name = Fresh.sqlite; path = "Supporting Files/Fresh.sqlite"; sourceTree = "<group>"; };
		DC4FCEB421ECEBA9000A0A20 /* sample_image.png */ = {isa = PBXFileReference; lastKnownFileType = image.png; name = sample_image.png; path = "Supporting Files/sample_image.png"; sourceTree = "<group>"; };
		DC65716721F090BA00B883CC /* ClickDetectorView.m */ = {isa = PBXFileReference; fileEncoding = 4; lastKnownFileType = sourcecode.c.objc; path = ClickDetectorView.m; sourceTree = "<group>"; };
		DC65716821F090BA00B883CC /* ClickDetectorView.h */ = {isa = PBXFileReference; fileEncoding = 4; lastKnownFileType = sourcecode.c.h; path = ClickDetectorView.h; sourceTree = "<group>"; };
		DC65716A21F090BA00B883CC /* MenuBar.h */ = {isa = PBXFileReference; fileEncoding = 4; lastKnownFileType = sourcecode.c.h; path = MenuBar.h; sourceTree = "<group>"; };
		DC65716B21F090BA00B883CC /* MenuBar.m */ = {isa = PBXFileReference; fileEncoding = 4; lastKnownFileType = sourcecode.c.objc; path = MenuBar.m; sourceTree = "<group>"; };
		DC65716C21F090BA00B883CC /* MenuBarImage.png */ = {isa = PBXFileReference; lastKnownFileType = image.png; path = MenuBarImage.png; sourceTree = "<group>"; };
		DC65716E21F090BA00B883CC /* PopupViewController.h */ = {isa = PBXFileReference; fileEncoding = 4; lastKnownFileType = sourcecode.c.h; path = PopupViewController.h; sourceTree = "<group>"; };
		DC65716F21F090BA00B883CC /* PopupView.xib */ = {isa = PBXFileReference; fileEncoding = 4; lastKnownFileType = file.xib; path = PopupView.xib; sourceTree = "<group>"; };
		DC65717021F090BA00B883CC /* PopupViewController.m */ = {isa = PBXFileReference; fileEncoding = 4; lastKnownFileType = sourcecode.c.objc; path = PopupViewController.m; sourceTree = "<group>"; };
		DCDE84FF2113173800B6FE21 /* Fresh.app */ = {isa = PBXFileReference; explicitFileType = wrapper.application; includeInIndex = 0; path = Fresh.app; sourceTree = BUILT_PRODUCTS_DIR; };
		DCDE85022113173800B6FE21 /* AppDelegate.h */ = {isa = PBXFileReference; lastKnownFileType = sourcecode.c.h; path = AppDelegate.h; sourceTree = "<group>"; };
		DCDE85032113173800B6FE21 /* AppDelegate.m */ = {isa = PBXFileReference; lastKnownFileType = sourcecode.c.objc; path = AppDelegate.m; sourceTree = "<group>"; };
		DCDE85062113173800B6FE21 /* main.m */ = {isa = PBXFileReference; lastKnownFileType = sourcecode.c.objc; path = main.m; sourceTree = "<group>"; };
		DCDE85082113173800B6FE21 /* Assets.xcassets */ = {isa = PBXFileReference; lastKnownFileType = folder.assetcatalog; path = Assets.xcassets; sourceTree = "<group>"; };
		DCDE850B2113173800B6FE21 /* Base */ = {isa = PBXFileReference; lastKnownFileType = file.xib; name = Base; path = Base.lproj/MainMenu.xib; sourceTree = "<group>"; };
		DCDE850D2113173800B6FE21 /* Info.plist */ = {isa = PBXFileReference; lastKnownFileType = text.plist.xml; path = Info.plist; sourceTree = "<group>"; };
		DCDE85122113173800B6FE21 /* FreshTests.xctest */ = {isa = PBXFileReference; explicitFileType = wrapper.cfbundle; includeInIndex = 0; path = FreshTests.xctest; sourceTree = BUILT_PRODUCTS_DIR; };
		DCDE85162113173800B6FE21 /* FreshTests.m */ = {isa = PBXFileReference; lastKnownFileType = sourcecode.c.objc; path = FreshTests.m; sourceTree = "<group>"; };
		DCDE85182113173800B6FE21 /* Info.plist */ = {isa = PBXFileReference; lastKnownFileType = text.plist.xml; path = Info.plist; sourceTree = "<group>"; };
		DCE9F47E21E7568800B91E24 /* FastDataServiceTests.m */ = {isa = PBXFileReference; fileEncoding = 4; lastKnownFileType = sourcecode.c.objc; path = FastDataServiceTests.m; sourceTree = "<group>"; };
/* End PBXFileReference section */

/* Begin PBXFrameworksBuildPhase section */
		DCDE84FC2113173800B6FE21 /* Frameworks */ = {
			isa = PBXFrameworksBuildPhase;
			buildActionMask = 2147483647;
			files = (
				DC4E23AD21E6C08700DBC0E0 /* libsqlite3.0.tbd in Frameworks */,
				690461677871404F988A73D1 /* libPods-Fresh.a in Frameworks */,
			);
			runOnlyForDeploymentPostprocessing = 0;
		};
		DCDE850F2113173800B6FE21 /* Frameworks */ = {
			isa = PBXFrameworksBuildPhase;
			buildActionMask = 2147483647;
			files = (
				3A6FF028E9C22738107F4C89 /* libPods-FreshTests.a in Frameworks */,
			);
			runOnlyForDeploymentPostprocessing = 0;
		};
/* End PBXFrameworksBuildPhase section */

/* Begin PBXGroup section */
		6E428BA5C2516C37B341CCF8 /* Frameworks */ = {
			isa = PBXGroup;
			children = (
				DC4E23AC21E6C08700DBC0E0 /* libsqlite3.0.tbd */,
				1A491669C3A8779D00B67FDB /* libPods-Fresh.a */,
				69378BDBD26FF05300C7DF6C /* libPods-FreshTests.a */,
			);
			name = Frameworks;
			sourceTree = "<group>";
		};
		DC2AA4F621E5F9BA00EA8F1F /* Services */ = {
			isa = PBXGroup;
			children = (
				DC4FCEAB21ECE632000A0A20 /* Database */,
				DC2AA50D21E6124A00EA8F1F /* Unsplash API */,
				DC2AA4F721E5F9C100EA8F1F /* File and Dir */,
			);
			name = Services;
			sourceTree = "<group>";
		};
		DC2AA4F721E5F9C100EA8F1F /* File and Dir */ = {
			isa = PBXGroup;
			children = (
				DC2AA4F821E5F9E100EA8F1F /* FRSHFileAndDirService.h */,
				DC2AA4F921E5F9E100EA8F1F /* FRSHFileAndDirService.m */,
			);
			name = "File and Dir";
			sourceTree = "<group>";
		};
		DC2AA50621E60BDD00EA8F1F /* Models */ = {
			isa = PBXGroup;
			children = (
				DC2AA50721E60BE300EA8F1F /* Screen */,
				DC4E23A621E6BFE200DBC0E0 /* Schedule */,
			);
			name = Models;
			sourceTree = "<group>";
		};
		DC2AA50721E60BE300EA8F1F /* Screen */ = {
			isa = PBXGroup;
			children = (
				DC2AA50821E60C0400EA8F1F /* FRSHScreen.h */,
				DC2AA50921E60C0400EA8F1F /* FRSHScreen.m */,
			);
			name = Screen;
			sourceTree = "<group>";
		};
		DC2AA50D21E6124A00EA8F1F /* Unsplash API */ = {
			isa = PBXGroup;
			children = (
				DC2AA50E21E6127700EA8F1F /* FRSHUnsplashAPI.h */,
				DC2AA50F21E6127700EA8F1F /* FRSHUnsplashAPI.m */,
			);
			name = "Unsplash API";
			sourceTree = "<group>";
		};
		DC372AAD2113185E00DC2DFC /* Libs */ = {
			isa = PBXGroup;
			children = (
				DC4E239721E6BA6E00DBC0E0 /* Fast Data */,
				DC372AAE2113189600DC2DFC /* GVUserDefaults */,
				DC372AAF2113189C00DC2DFC /* Reachability */,
				DC372AB0211318A300DC2DFC /* SDVersion */,
				DC372AB1211318A900DC2DFC /* Shuttle */,
			);
			name = Libs;
			sourceTree = "<group>";
		};
		DC372AAE2113189600DC2DFC /* GVUserDefaults */ = {
			isa = PBXGroup;
			children = (
				DC372AB2211318ED00DC2DFC /* GVUserDefaults.h */,
				DC372AB3211318ED00DC2DFC /* GVUserDefaults.m */,
			);
			name = GVUserDefaults;
			sourceTree = "<group>";
		};
		DC372AAF2113189C00DC2DFC /* Reachability */ = {
			isa = PBXGroup;
			children = (
				DC372ABA2113191500DC2DFC /* Reachability.h */,
				DC372ABB2113191500DC2DFC /* Reachability.m */,
			);
			name = Reachability;
			sourceTree = "<group>";
		};
		DC372AB0211318A300DC2DFC /* SDVersion */ = {
			isa = PBXGroup;
			children = (
				DC372AC62113193800DC2DFC /* SDMacVersion.h */,
				DC372AC72113193800DC2DFC /* SDMacVersion.m */,
			);
			name = SDVersion;
			sourceTree = "<group>";
		};
		DC372AB1211318A900DC2DFC /* Shuttle */ = {
			isa = PBXGroup;
			children = (
				DC372ABE2113192900DC2DFC /* Shuttle.h */,
				DC372ABF2113192900DC2DFC /* Shuttle.m */,
				DC372AC02113192900DC2DFC /* ShuttleMockRequests.h */,
				DC372AC12113192900DC2DFC /* ShuttleMockRequests.m */,
			);
			name = Shuttle;
			sourceTree = "<group>";
		};
		DC4AD8E321F0D7B2007A1811 /* About Us Window */ = {
			isa = PBXGroup;
			children = (
				DC4AD8E921F0D7F3007A1811 /* AboutUsWindow.h */,
				DC4AD8EA21F0D7F3007A1811 /* AboutUsWindow.m */,
				DC4AD8EB21F0D7F3007A1811 /* AboutUsWindow.xib */,
			);
			name = "About Us Window";
			sourceTree = "<group>";
		};
		DC4E239721E6BA6E00DBC0E0 /* Fast Data */ = {
			isa = PBXGroup;
			children = (
				DC4E239821E6BA9900DBC0E0 /* FastData.h */,
				DC4E239921E6BA9900DBC0E0 /* FastData.m */,
				DC4E239B21E6BAAF00DBC0E0 /* GVUserDefaults+FastData.h */,
				DC4E239C21E6BAAF00DBC0E0 /* GVUserDefaults+FastData.m */,
				DC4E23A121E6BC1100DBC0E0 /* NSDictionary+DeepMutableCopy.h */,
				DC4E23A221E6BC1100DBC0E0 /* NSDictionary+DeepMutableCopy.m */,
			);
			name = "Fast Data";
			sourceTree = "<group>";
		};
		DC4E23A621E6BFE200DBC0E0 /* Schedule */ = {
			isa = PBXGroup;
			children = (
				DC4E23A721E6C00B00DBC0E0 /* FRSHSchedule.h */,
				DC4E23A821E6C00B00DBC0E0 /* FRSHSchedule.m */,
			);
			name = Schedule;
			sourceTree = "<group>";
		};
		DC4FCEAB21ECE632000A0A20 /* Database */ = {
			isa = PBXGroup;
			children = (
				DC4FCEAC21ECE662000A0A20 /* FRSHDatabase.h */,
				DC4FCEAD21ECE662000A0A20 /* FRSHDatabase.m */,
			);
			name = Database;
			sourceTree = "<group>";
		};
		DC65716521F0905900B883CC /* UI */ = {
			isa = PBXGroup;
			children = (
				DC4AD8E321F0D7B2007A1811 /* About Us Window */,
				DC65716921F090BA00B883CC /* Menubar */,
				DC65716621F090BA00B883CC /* Click Detector */,
				DC65716D21F090BA00B883CC /* Popup */,
			);
			name = UI;
			sourceTree = "<group>";
		};
		DC65716621F090BA00B883CC /* Click Detector */ = {
			isa = PBXGroup;
			children = (
				DC65716721F090BA00B883CC /* ClickDetectorView.m */,
				DC65716821F090BA00B883CC /* ClickDetectorView.h */,
			);
			name = "Click Detector";
			path = "UI/Click Detector";
			sourceTree = "<group>";
		};
		DC65716921F090BA00B883CC /* Menubar */ = {
			isa = PBXGroup;
			children = (
				DC65716A21F090BA00B883CC /* MenuBar.h */,
				DC65716B21F090BA00B883CC /* MenuBar.m */,
				DC65716C21F090BA00B883CC /* MenuBarImage.png */,
			);
			name = Menubar;
			path = UI/Menubar;
			sourceTree = "<group>";
		};
		DC65716D21F090BA00B883CC /* Popup */ = {
			isa = PBXGroup;
			children = (
				DC65716E21F090BA00B883CC /* PopupViewController.h */,
				DC65716F21F090BA00B883CC /* PopupView.xib */,
				DC65717021F090BA00B883CC /* PopupViewController.m */,
			);
			name = Popup;
			path = UI/Popup;
			sourceTree = "<group>";
		};
		DCDE84F62113173800B6FE21 = {
			isa = PBXGroup;
			children = (
				DCDE85012113173800B6FE21 /* Fresh */,
				DCDE85152113173800B6FE21 /* FreshTests */,
				DCDE85002113173800B6FE21 /* Products */,
				E6C76DBC91BF678040402B63 /* Pods */,
				6E428BA5C2516C37B341CCF8 /* Frameworks */,
			);
			sourceTree = "<group>";
		};
		DCDE85002113173800B6FE21 /* Products */ = {
			isa = PBXGroup;
			children = (
				DCDE84FF2113173800B6FE21 /* Fresh.app */,
				DCDE85122113173800B6FE21 /* FreshTests.xctest */,
			);
			name = Products;
			sourceTree = "<group>";
		};
		DCDE85012113173800B6FE21 /* Fresh */ = {
			isa = PBXGroup;
			children = (
				DCDE85022113173800B6FE21 /* AppDelegate.h */,
				DCDE85032113173800B6FE21 /* AppDelegate.m */,
				DC2AA50121E6092500EA8F1F /* FRSHApp.h */,
				DC2AA50221E6092500EA8F1F /* FRSHApp.m */,
				DC65716521F0905900B883CC /* UI */,
				DC2AA50621E60BDD00EA8F1F /* Models */,
				DC2AA4F621E5F9BA00EA8F1F /* Services */,
				DC372AAD2113185E00DC2DFC /* Libs */,
				DCDE85082113173800B6FE21 /* Assets.xcassets */,
				DCDE850A2113173800B6FE21 /* MainMenu.xib */,
				DCDE850D2113173800B6FE21 /* Info.plist */,
				DCDE85052113173800B6FE21 /* Supporting Files */,
			);
			path = Fresh;
			sourceTree = "<group>";
		};
		DCDE85052113173800B6FE21 /* Supporting Files */ = {
			isa = PBXGroup;
			children = (
				DC4FCEB421ECEBA9000A0A20 /* sample_image.png */,
				DC4FCEB121ECEB0E000A0A20 /* Fresh.sqlite */,
				DCDE85062113173800B6FE21 /* main.m */,
			);
			name = "Supporting Files";
			sourceTree = "<group>";
		};
		DCDE85152113173800B6FE21 /* FreshTests */ = {
			isa = PBXGroup;
			children = (
				DC2AA50421E6097300EA8F1F /* FreshAppTests.m */,
				DCE9F47E21E7568800B91E24 /* FastDataServiceTests.m */,
				DC03CBF021EF7B7800C4575E /* FreshScheduleModelTests.m */,
				DC2AA51121E612D700EA8F1F /* FreshUnsplashApiTests.m */,
				DC2AA4FB21E5FBA300EA8F1F /* FreshFileAndDirServiceTests.m */,
				DC2AA50B21E60E0900EA8F1F /* FreshScreenTests.m */,
				DC4FCEAF21ECE776000A0A20 /* FreshDatabaseTests.m */,
				DCDE85162113173800B6FE21 /* FreshTests.m */,
				DCDE85182113173800B6FE21 /* Info.plist */,
			);
			path = FreshTests;
			sourceTree = "<group>";
		};
		E6C76DBC91BF678040402B63 /* Pods */ = {
			isa = PBXGroup;
			children = (
				2A8F6E4F1333577B5DFA0F43 /* Pods-Fresh.debug.xcconfig */,
				6DDC295875586F3266618503 /* Pods-Fresh.release.xcconfig */,
				BF97B439730FEDA2A08CE093 /* Pods-FreshTests.debug.xcconfig */,
				1D78CA019747BFF0371DC7F0 /* Pods-FreshTests.release.xcconfig */,
			);
			name = Pods;
			sourceTree = "<group>";
		};
/* End PBXGroup section */

/* Begin PBXNativeTarget section */
		DCDE84FE2113173800B6FE21 /* Fresh */ = {
			isa = PBXNativeTarget;
			buildConfigurationList = DCDE851B2113173800B6FE21 /* Build configuration list for PBXNativeTarget "Fresh" */;
			buildPhases = (
				EAB2B6ED33275029BB783349 /* [CP] Check Pods Manifest.lock */,
				DCDE84FB2113173800B6FE21 /* Sources */,
				DCDE84FC2113173800B6FE21 /* Frameworks */,
				DCDE84FD2113173800B6FE21 /* Resources */,
				226D619069B24C54CD3F9AEB /* [CP] Embed Pods Frameworks */,
				8C6935EAEB059F7643C56C55 /* [CP] Copy Pods Resources */,
			);
			buildRules = (
			);
			dependencies = (
			);
			name = Fresh;
			productName = Fresh;
			productReference = DCDE84FF2113173800B6FE21 /* Fresh.app */;
			productType = "com.apple.product-type.application";
		};
		DCDE85112113173800B6FE21 /* FreshTests */ = {
			isa = PBXNativeTarget;
			buildConfigurationList = DCDE851E2113173800B6FE21 /* Build configuration list for PBXNativeTarget "FreshTests" */;
			buildPhases = (
				A36BE32DF8528EA35A3469AB /* [CP] Check Pods Manifest.lock */,
				DCDE850E2113173800B6FE21 /* Sources */,
				DCDE850F2113173800B6FE21 /* Frameworks */,
				DCDE85102113173800B6FE21 /* Resources */,
				27AB48411E86BF0A189CC3E4 /* [CP] Embed Pods Frameworks */,
				356C065DEDF4CCA3516D1C54 /* [CP] Copy Pods Resources */,
			);
			buildRules = (
			);
			dependencies = (
				DCDE85142113173800B6FE21 /* PBXTargetDependency */,
			);
			name = FreshTests;
			productName = FreshTests;
			productReference = DCDE85122113173800B6FE21 /* FreshTests.xctest */;
			productType = "com.apple.product-type.bundle.unit-test";
		};
/* End PBXNativeTarget section */

/* Begin PBXProject section */
		DCDE84F72113173800B6FE21 /* Project object */ = {
			isa = PBXProject;
			attributes = {
				LastUpgradeCheck = 0730;
				ORGANIZATIONNAME = "Stephen Hatton";
				TargetAttributes = {
					DCDE84FE2113173800B6FE21 = {
						CreatedOnToolsVersion = 7.3.1;
					};
					DCDE85112113173800B6FE21 = {
						CreatedOnToolsVersion = 7.3.1;
						TestTargetID = DCDE84FE2113173800B6FE21;
					};
				};
			};
			buildConfigurationList = DCDE84FA2113173800B6FE21 /* Build configuration list for PBXProject "Fresh" */;
			compatibilityVersion = "Xcode 3.2";
			developmentRegion = English;
			hasScannedForEncodings = 0;
			knownRegions = (
				en,
				Base,
			);
			mainGroup = DCDE84F62113173800B6FE21;
			productRefGroup = DCDE85002113173800B6FE21 /* Products */;
			projectDirPath = "";
			projectRoot = "";
			targets = (
				DCDE84FE2113173800B6FE21 /* Fresh */,
				DCDE85112113173800B6FE21 /* FreshTests */,
			);
		};
/* End PBXProject section */

/* Begin PBXResourcesBuildPhase section */
		DCDE84FD2113173800B6FE21 /* Resources */ = {
			isa = PBXResourcesBuildPhase;
			buildActionMask = 2147483647;
			files = (
				DCDE85092113173800B6FE21 /* Assets.xcassets in Resources */,
				DCDE850C2113173800B6FE21 /* MainMenu.xib in Resources */,
				DC65717321F090BA00B883CC /* MenuBarImage.png in Resources */,
				DC65717421F090BA00B883CC /* PopupView.xib in Resources */,
				DC4AD8ED21F0D7F3007A1811 /* AboutUsWindow.xib in Resources */,
				DC4FCEB221ECEB0E000A0A20 /* Fresh.sqlite in Resources */,
				DC4FCEB521ECEBA9000A0A20 /* sample_image.png in Resources */,
			);
			runOnlyForDeploymentPostprocessing = 0;
		};
		DCDE85102113173800B6FE21 /* Resources */ = {
			isa = PBXResourcesBuildPhase;
			buildActionMask = 2147483647;
			files = (
				DC4FCEB321ECEB0E000A0A20 /* Fresh.sqlite in Resources */,
				DC4FCEB621ECEBA9000A0A20 /* sample_image.png in Resources */,
			);
			runOnlyForDeploymentPostprocessing = 0;
		};
/* End PBXResourcesBuildPhase section */

/* Begin PBXShellScriptBuildPhase section */
		226D619069B24C54CD3F9AEB /* [CP] Embed Pods Frameworks */ = {
			isa = PBXShellScriptBuildPhase;
			buildActionMask = 2147483647;
			files = (
			);
			inputPaths = (
			);
			name = "[CP] Embed Pods Frameworks";
			outputPaths = (
			);
			runOnlyForDeploymentPostprocessing = 0;
			shellPath = /bin/sh;
			shellScript = "\"${SRCROOT}/Pods/Target Support Files/Pods-Fresh/Pods-Fresh-frameworks.sh\"\n";
			showEnvVarsInLog = 0;
		};
		27AB48411E86BF0A189CC3E4 /* [CP] Embed Pods Frameworks */ = {
			isa = PBXShellScriptBuildPhase;
			buildActionMask = 2147483647;
			files = (
			);
			inputPaths = (
			);
			name = "[CP] Embed Pods Frameworks";
			outputPaths = (
			);
			runOnlyForDeploymentPostprocessing = 0;
			shellPath = /bin/sh;
			shellScript = "\"${SRCROOT}/Pods/Target Support Files/Pods-FreshTests/Pods-FreshTests-frameworks.sh\"\n";
			showEnvVarsInLog = 0;
		};
		356C065DEDF4CCA3516D1C54 /* [CP] Copy Pods Resources */ = {
			isa = PBXShellScriptBuildPhase;
			buildActionMask = 2147483647;
			files = (
			);
			inputPaths = (
			);
			name = "[CP] Copy Pods Resources";
			outputPaths = (
			);
			runOnlyForDeploymentPostprocessing = 0;
			shellPath = /bin/sh;
			shellScript = "\"${SRCROOT}/Pods/Target Support Files/Pods-FreshTests/Pods-FreshTests-resources.sh\"\n";
			showEnvVarsInLog = 0;
		};
		8C6935EAEB059F7643C56C55 /* [CP] Copy Pods Resources */ = {
			isa = PBXShellScriptBuildPhase;
			buildActionMask = 2147483647;
			files = (
			);
			inputPaths = (
				"${SRCROOT}/Pods/Target Support Files/Pods-Fresh/Pods-Fresh-resources.sh",
				"${PODS_ROOT}/DateTools/DateTools/DateTools.bundle",
			);
			name = "[CP] Copy Pods Resources";
			outputPaths = (
				"${TARGET_BUILD_DIR}/${UNLOCALIZED_RESOURCES_FOLDER_PATH}",
			);
			runOnlyForDeploymentPostprocessing = 0;
			shellPath = /bin/sh;
			shellScript = "\"${SRCROOT}/Pods/Target Support Files/Pods-Fresh/Pods-Fresh-resources.sh\"\n";
			showEnvVarsInLog = 0;
		};
		A36BE32DF8528EA35A3469AB /* [CP] Check Pods Manifest.lock */ = {
			isa = PBXShellScriptBuildPhase;
			buildActionMask = 2147483647;
			files = (
			);
			inputPaths = (
				"${PODS_PODFILE_DIR_PATH}/Podfile.lock",
				"${PODS_ROOT}/Manifest.lock",
			);
			name = "[CP] Check Pods Manifest.lock";
			outputPaths = (
				"$(DERIVED_FILE_DIR)/Pods-FreshTests-checkManifestLockResult.txt",
			);
			runOnlyForDeploymentPostprocessing = 0;
			shellPath = /bin/sh;
			shellScript = "diff \"${PODS_PODFILE_DIR_PATH}/Podfile.lock\" \"${PODS_ROOT}/Manifest.lock\" > /dev/null\nif [ $? != 0 ] ; then\n    # print error to STDERR\n    echo \"error: The sandbox is not in sync with the Podfile.lock. Run 'pod install' or update your CocoaPods installation.\" >&2\n    exit 1\nfi\n# This output is used by Xcode 'outputs' to avoid re-running this script phase.\necho \"SUCCESS\" > \"${SCRIPT_OUTPUT_FILE_0}\"\n";
			showEnvVarsInLog = 0;
		};
		EAB2B6ED33275029BB783349 /* [CP] Check Pods Manifest.lock */ = {
			isa = PBXShellScriptBuildPhase;
			buildActionMask = 2147483647;
			files = (
			);
			inputPaths = (
				"${PODS_PODFILE_DIR_PATH}/Podfile.lock",
				"${PODS_ROOT}/Manifest.lock",
			);
			name = "[CP] Check Pods Manifest.lock";
			outputPaths = (
				"$(DERIVED_FILE_DIR)/Pods-Fresh-checkManifestLockResult.txt",
			);
			runOnlyForDeploymentPostprocessing = 0;
			shellPath = /bin/sh;
			shellScript = "diff \"${PODS_PODFILE_DIR_PATH}/Podfile.lock\" \"${PODS_ROOT}/Manifest.lock\" > /dev/null\nif [ $? != 0 ] ; then\n    # print error to STDERR\n    echo \"error: The sandbox is not in sync with the Podfile.lock. Run 'pod install' or update your CocoaPods installation.\" >&2\n    exit 1\nfi\n# This output is used by Xcode 'outputs' to avoid re-running this script phase.\necho \"SUCCESS\" > \"${SCRIPT_OUTPUT_FILE_0}\"\n";
			showEnvVarsInLog = 0;
		};
/* End PBXShellScriptBuildPhase section */

/* Begin PBXSourcesBuildPhase section */
		DCDE84FB2113173800B6FE21 /* Sources */ = {
			isa = PBXSourcesBuildPhase;
			buildActionMask = 2147483647;
			files = (
				DC4E23A321E6BC1100DBC0E0 /* NSDictionary+DeepMutableCopy.m in Sources */,
				DC4FCEAE21ECE662000A0A20 /* FRSHDatabase.m in Sources */,
				DC2AA50A21E60C0400EA8F1F /* FRSHScreen.m in Sources */,
				DC2AA51021E6127700EA8F1F /* FRSHUnsplashAPI.m in Sources */,
				DC2AA4FA21E5F9E100EA8F1F /* FRSHFileAndDirService.m in Sources */,
				DC4E23A921E6C00B00DBC0E0 /* FRSHSchedule.m in Sources */,
				DCDE85072113173800B6FE21 /* main.m in Sources */,
				DC65717121F090BA00B883CC /* ClickDetectorView.m in Sources */,
				DC372AC42113192900DC2DFC /* ShuttleMockRequests.m in Sources */,
				DC4AD8EC21F0D7F3007A1811 /* AboutUsWindow.m in Sources */,
				DC4E239A21E6BA9900DBC0E0 /* FastData.m in Sources */,
				DCDE85042113173800B6FE21 /* AppDelegate.m in Sources */,
				DC372ABC2113191500DC2DFC /* Reachability.m in Sources */,
				DC4E239D21E6BAAF00DBC0E0 /* GVUserDefaults+FastData.m in Sources */,
				DC65717521F090BA00B883CC /* PopupViewController.m in Sources */,
				DC372AB4211318ED00DC2DFC /* GVUserDefaults.m in Sources */,
				DC372AC82113193800DC2DFC /* SDMacVersion.m in Sources */,
				DC372AC22113192900DC2DFC /* Shuttle.m in Sources */,
				DC65717221F090BA00B883CC /* MenuBar.m in Sources */,
				DC2AA50321E6092500EA8F1F /* FRSHApp.m in Sources */,
			);
			runOnlyForDeploymentPostprocessing = 0;
		};
		DCDE850E2113173800B6FE21 /* Sources */ = {
			isa = PBXSourcesBuildPhase;
			buildActionMask = 2147483647;
			files = (
				DCDE85172113173800B6FE21 /* FreshTests.m in Sources */,
				DC372AC32113192900DC2DFC /* Shuttle.m in Sources */,
				DC372ABD2113191500DC2DFC /* Reachability.m in Sources */,
				DC2AA51221E612D700EA8F1F /* FreshUnsplashApiTests.m in Sources */,
				DC03CBF121EF7B7800C4575E /* FreshScheduleModelTests.m in Sources */,
				DC2AA4FC21E5FBA300EA8F1F /* FreshFileAndDirServiceTests.m in Sources */,
				DC372AB5211318ED00DC2DFC /* GVUserDefaults.m in Sources */,
				DC372AC52113192900DC2DFC /* ShuttleMockRequests.m in Sources */,
				DC2AA50521E6097300EA8F1F /* FreshAppTests.m in Sources */,
				DCE9F47F21E7568800B91E24 /* FastDataServiceTests.m in Sources */,
				DC372AC92113193800DC2DFC /* SDMacVersion.m in Sources */,
				DC2AA50C21E60E0900EA8F1F /* FreshScreenTests.m in Sources */,
				DC4FCEB021ECE776000A0A20 /* FreshDatabaseTests.m in Sources */,
			);
			runOnlyForDeploymentPostprocessing = 0;
		};
/* End PBXSourcesBuildPhase section */

/* Begin PBXTargetDependency section */
		DCDE85142113173800B6FE21 /* PBXTargetDependency */ = {
			isa = PBXTargetDependency;
			target = DCDE84FE2113173800B6FE21 /* Fresh */;
			targetProxy = DCDE85132113173800B6FE21 /* PBXContainerItemProxy */;
		};
/* End PBXTargetDependency section */

/* Begin PBXVariantGroup section */
		DCDE850A2113173800B6FE21 /* MainMenu.xib */ = {
			isa = PBXVariantGroup;
			children = (
				DCDE850B2113173800B6FE21 /* Base */,
			);
			name = MainMenu.xib;
			sourceTree = "<group>";
		};
/* End PBXVariantGroup section */

/* Begin XCBuildConfiguration section */
		DCDE85192113173800B6FE21 /* Debug */ = {
			isa = XCBuildConfiguration;
			buildSettings = {
				ALWAYS_SEARCH_USER_PATHS = NO;
				CLANG_ANALYZER_NONNULL = YES;
				CLANG_CXX_LANGUAGE_STANDARD = "gnu++0x";
				CLANG_CXX_LIBRARY = "libc++";
				CLANG_ENABLE_MODULES = YES;
				CLANG_ENABLE_OBJC_ARC = YES;
				CLANG_WARN_BOOL_CONVERSION = YES;
				CLANG_WARN_CONSTANT_CONVERSION = YES;
				CLANG_WARN_DIRECT_OBJC_ISA_USAGE = YES_ERROR;
				CLANG_WARN_EMPTY_BODY = YES;
				CLANG_WARN_ENUM_CONVERSION = YES;
				CLANG_WARN_INT_CONVERSION = YES;
				CLANG_WARN_OBJC_ROOT_CLASS = YES_ERROR;
				CLANG_WARN_UNREACHABLE_CODE = YES;
				CLANG_WARN__DUPLICATE_METHOD_MATCH = YES;
				CODE_SIGN_IDENTITY = "-";
				COPY_PHASE_STRIP = NO;
				DEBUG_INFORMATION_FORMAT = dwarf;
				ENABLE_STRICT_OBJC_MSGSEND = YES;
				ENABLE_TESTABILITY = YES;
				GCC_C_LANGUAGE_STANDARD = gnu99;
				GCC_DYNAMIC_NO_PIC = NO;
				GCC_NO_COMMON_BLOCKS = YES;
				GCC_OPTIMIZATION_LEVEL = 0;
				GCC_PREPROCESSOR_DEFINITIONS = (
					"DEBUG=1",
					"$(inherited)",
				);
				GCC_WARN_64_TO_32_BIT_CONVERSION = YES;
				GCC_WARN_ABOUT_RETURN_TYPE = YES_ERROR;
				GCC_WARN_UNDECLARED_SELECTOR = YES;
				GCC_WARN_UNINITIALIZED_AUTOS = YES_AGGRESSIVE;
				GCC_WARN_UNUSED_FUNCTION = YES;
				GCC_WARN_UNUSED_VARIABLE = YES;
				MACOSX_DEPLOYMENT_TARGET = 10.13;
				MTL_ENABLE_DEBUG_INFO = YES;
				ONLY_ACTIVE_ARCH = YES;
				SDKROOT = macosx;
			};
			name = Debug;
		};
		DCDE851A2113173800B6FE21 /* Release */ = {
			isa = XCBuildConfiguration;
			buildSettings = {
				ALWAYS_SEARCH_USER_PATHS = NO;
				CLANG_ANALYZER_NONNULL = YES;
				CLANG_CXX_LANGUAGE_STANDARD = "gnu++0x";
				CLANG_CXX_LIBRARY = "libc++";
				CLANG_ENABLE_MODULES = YES;
				CLANG_ENABLE_OBJC_ARC = YES;
				CLANG_WARN_BOOL_CONVERSION = YES;
				CLANG_WARN_CONSTANT_CONVERSION = YES;
				CLANG_WARN_DIRECT_OBJC_ISA_USAGE = YES_ERROR;
				CLANG_WARN_EMPTY_BODY = YES;
				CLANG_WARN_ENUM_CONVERSION = YES;
				CLANG_WARN_INT_CONVERSION = YES;
				CLANG_WARN_OBJC_ROOT_CLASS = YES_ERROR;
				CLANG_WARN_UNREACHABLE_CODE = YES;
				CLANG_WARN__DUPLICATE_METHOD_MATCH = YES;
				CODE_SIGN_IDENTITY = "-";
				COPY_PHASE_STRIP = NO;
				DEBUG_INFORMATION_FORMAT = "dwarf-with-dsym";
				ENABLE_NS_ASSERTIONS = NO;
				ENABLE_STRICT_OBJC_MSGSEND = YES;
				GCC_C_LANGUAGE_STANDARD = gnu99;
				GCC_NO_COMMON_BLOCKS = YES;
				GCC_WARN_64_TO_32_BIT_CONVERSION = YES;
				GCC_WARN_ABOUT_RETURN_TYPE = YES_ERROR;
				GCC_WARN_UNDECLARED_SELECTOR = YES;
				GCC_WARN_UNINITIALIZED_AUTOS = YES_AGGRESSIVE;
				GCC_WARN_UNUSED_FUNCTION = YES;
				GCC_WARN_UNUSED_VARIABLE = YES;
				MACOSX_DEPLOYMENT_TARGET = 10.13;
				MTL_ENABLE_DEBUG_INFO = NO;
				SDKROOT = macosx;
			};
			name = Release;
		};
		DCDE851C2113173800B6FE21 /* Debug */ = {
			isa = XCBuildConfiguration;
			baseConfigurationReference = 2A8F6E4F1333577B5DFA0F43 /* Pods-Fresh.debug.xcconfig */;
			buildSettings = {
				ASSETCATALOG_COMPILER_APPICON_NAME = AppIcon;
				COMBINE_HIDPI_IMAGES = YES;
				INFOPLIST_FILE = Fresh/Info.plist;
				LD_RUNPATH_SEARCH_PATHS = "$(inherited) @executable_path/../Frameworks";
				MACOSX_DEPLOYMENT_TARGET = 10.11;
				PRODUCT_BUNDLE_IDENTIFIER = StephenHatton.Fresh;
				PRODUCT_NAME = "$(TARGET_NAME)";
			};
			name = Debug;
		};
		DCDE851D2113173800B6FE21 /* Release */ = {
			isa = XCBuildConfiguration;
			baseConfigurationReference = 6DDC295875586F3266618503 /* Pods-Fresh.release.xcconfig */;
			buildSettings = {
				ASSETCATALOG_COMPILER_APPICON_NAME = AppIcon;
				COMBINE_HIDPI_IMAGES = YES;
				INFOPLIST_FILE = Fresh/Info.plist;
				LD_RUNPATH_SEARCH_PATHS = "$(inherited) @executable_path/../Frameworks";
				MACOSX_DEPLOYMENT_TARGET = 10.11;
				PRODUCT_BUNDLE_IDENTIFIER = StephenHatton.Fresh;
				PRODUCT_NAME = "$(TARGET_NAME)";
			};
			name = Release;
		};
		DCDE851F2113173800B6FE21 /* Debug */ = {
			isa = XCBuildConfiguration;
			baseConfigurationReference = BF97B439730FEDA2A08CE093 /* Pods-FreshTests.debug.xcconfig */;
			buildSettings = {
				BUNDLE_LOADER = "$(TEST_HOST)";
				COMBINE_HIDPI_IMAGES = YES;
				INFOPLIST_FILE = FreshTests/Info.plist;
				LD_RUNPATH_SEARCH_PATHS = "$(inherited) @executable_path/../Frameworks @loader_path/../Frameworks";
				MACOSX_DEPLOYMENT_TARGET = 10.11;
				PRODUCT_BUNDLE_IDENTIFIER = StephenHatton.FreshTests;
				PRODUCT_NAME = "$(TARGET_NAME)";
				TEST_HOST = "$(BUILT_PRODUCTS_DIR)/Fresh.app/Contents/MacOS/Fresh";
			};
			name = Debug;
		};
		DCDE85202113173800B6FE21 /* Release */ = {
			isa = XCBuildConfiguration;
			baseConfigurationReference = 1D78CA019747BFF0371DC7F0 /* Pods-FreshTests.release.xcconfig */;
			buildSettings = {
				BUNDLE_LOADER = "$(TEST_HOST)";
				COMBINE_HIDPI_IMAGES = YES;
				INFOPLIST_FILE = FreshTests/Info.plist;
				LD_RUNPATH_SEARCH_PATHS = "$(inherited) @executable_path/../Frameworks @loader_path/../Frameworks";
				MACOSX_DEPLOYMENT_TARGET = 10.11;
				PRODUCT_BUNDLE_IDENTIFIER = StephenHatton.FreshTests;
				PRODUCT_NAME = "$(TARGET_NAME)";
				TEST_HOST = "$(BUILT_PRODUCTS_DIR)/Fresh.app/Contents/MacOS/Fresh";
			};
			name = Release;
		};
/* End XCBuildConfiguration section */

/* Begin XCConfigurationList section */
		DCDE84FA2113173800B6FE21 /* Build configuration list for PBXProject "Fresh" */ = {
			isa = XCConfigurationList;
			buildConfigurations = (
				DCDE85192113173800B6FE21 /* Debug */,
				DCDE851A2113173800B6FE21 /* Release */,
			);
			defaultConfigurationIsVisible = 0;
			defaultConfigurationName = Release;
		};
		DCDE851B2113173800B6FE21 /* Build configuration list for PBXNativeTarget "Fresh" */ = {
			isa = XCConfigurationList;
			buildConfigurations = (
				DCDE851C2113173800B6FE21 /* Debug */,
				DCDE851D2113173800B6FE21 /* Release */,
			);
			defaultConfigurationIsVisible = 0;
			defaultConfigurationName = Release;
		};
		DCDE851E2113173800B6FE21 /* Build configuration list for PBXNativeTarget "FreshTests" */ = {
			isa = XCConfigurationList;
			buildConfigurations = (
				DCDE851F2113173800B6FE21 /* Debug */,
				DCDE85202113173800B6FE21 /* Release */,
			);
			defaultConfigurationIsVisible = 0;
			defaultConfigurationName = Release;
		};
/* End XCConfigurationList section */
	};
	rootObject = DCDE84F72113173800B6FE21 /* Project object */;
}
